
Microsoft Visual Studio Solution File, Format Version 12.00
# Visual Studio Version 16
VisualStudioVersion = 16.0.30907.101
MinimumVisualStudioVersion = 10.0.40219.1
Project("{FAE04EC0-301F-11D3-BF4B-00C04F79EFBC}") = "PatientAppointmentService", "PatientAppointmentService\PatientAppointmentService.csproj", "{CBE39B10-4BA9-4006-A422-E6D012762F34}"
EndProject
Project("{FAE04EC0-301F-11D3-BF4B-00C04F79EFBC}") = "AppointmentProcessingService", "AppointmentProcessingService\AppointmentProcessingService.csproj", "{EFC51658-526A-491E-9192-8AAD07618E88}"
EndProject
Project("{FAE04EC0-301F-11D3-BF4B-00C04F79EFBC}") = "PatientAppointment.Domain", "PatientAppointment.Domain\PatientAppointment.Domain.csproj", "{FAA53904-B0E1-4471-9898-BE926B17CAF1}"
EndProject
Global
	GlobalSection(SolutionConfigurationPlatforms) = preSolution
		Debug|Any CPU = Debug|Any CPU
		Release|Any CPU = Release|Any CPU
	EndGlobalSection
	GlobalSection(ProjectConfigurationPlatforms) = postSolution
		{CBE39B10-4BA9-4006-A422-E6D012762F34}.Debug|Any CPU.ActiveCfg = Debug|Any CPU
		{CBE39B10-4BA9-4006-A422-E6D012762F34}.Debug|Any CPU.Build.0 = Debug|Any CPU
		{CBE39B10-4BA9-4006-A422-E6D012762F34}.Release|Any CPU.ActiveCfg = Release|Any CPU
		{CBE39B10-4BA9-4006-A422-E6D012762F34}.Release|Any CPU.Build.0 = Release|Any CPU
		{EFC51658-526A-491E-9192-8AAD07618E88}.Debug|Any CPU.ActiveCfg = Debug|Any CPU
		{EFC51658-526A-491E-9192-8AAD07618E88}.Debug|Any CPU.Build.0 = Debug|Any CPU
		{EFC51658-526A-491E-9192-8AAD07618E88}.Release|Any CPU.ActiveCfg = Release|Any CPU
		{EFC51658-526A-491E-9192-8AAD07618E88}.Release|Any CPU.Build.0 = Release|Any CPU
		{FAA53904-B0E1-4471-9898-BE926B17CAF1}.Debug|Any CPU.ActiveCfg = Debug|Any CPU
		{FAA53904-B0E1-4471-9898-BE926B17CAF1}.Debug|Any CPU.Build.0 = Debug|Any CPU
		{FAA53904-B0E1-4471-9898-BE926B17CAF1}.Release|Any CPU.ActiveCfg = Release|Any CPU
		{FAA53904-B0E1-4471-9898-BE926B17CAF1}.Release|Any CPU.Build.0 = Release|Any CPU
	EndGlobalSection
	GlobalSection(SolutionProperties) = preSolution
		HideSolutionNode = FALSE
	EndGlobalSection
	GlobalSection(ExtensibilityGlobals) = postSolution
		SolutionGuid = {240886C5-F0CD-4667-8943-AB675B86371F}
	EndGlobalSection
EndGlobal
